<Solution>
  <Folder Name="/src/">
    <Project Path="src/Erp.Api/Erp.Api.csproj" />
    <Project Path="src/Erp.Contracts/Erp.Contracts.csproj" />
  </Folder>
  <Folder Name="/tests/">
    <Project Path="tests/Erp.ArchitectureTests/Erp.ArchitectureTests.csproj" />
    <Project Path="tests/Erp.IntegrationTests/Erp.IntegrationTests.csproj" />
    <Project Path="tests/Erp.UnitTests/Erp.UnitTests.csproj" />
  </Folder>
</Solution>
